github.com/franela/goblin v0.0.0-20211003143422-0a4f594942bf h1:NrF81UtW8gG2LBGkXFQFqlfNnvMt9WdB46sfdJY4oqc=
github.com/franela/goblin v0.0.0-20211003143422-0a4f594942bf/go.mod h1:VzmDKDJVZI3aJmnRI9VjAn9nJ8qPPsN1fqzr9dqInIo=
github.com/intdxdt/dbits v0.0.0-20171026062838-f7e9caad92f4/go.mod h1:GLKbRshq9XwOsyiyfx2vRXbKAeDBwo8uNb6pLPDipr4=
github.com/intdxdt/deque v1.0.0 h1:1r/QqDw/Ju1h5aBGecQzQMkng6WKgP9zVamF6knF+TQ=
github.com/intdxdt/deque v1.0.0/go.mod h1:brJloXcOAbZGb2ucbnr6iAjQaWpqPJa085PeKyGKuHw=
github.com/intdxdt/list v0.0.0-20220209221237-6b9f128a9495 h1:1A0zlO9lE5nPWTfjvDuDVEgqo9XUzwVkPQunBqrTBMo=
github.com/intdxdt/list v0.0.0-20220209221237-6b9f128a9495/go.mod h1:ZtaVkTncgg76NZjCkIcP82+e+5pGFJyYoB8EmD2GIIE=
github.com/intdxdt/math v1.0.1 h1:8Sr5N5eupuayrqDToqPGc85TM3DeNd+M0WYN9f5gI9s=
github.com/intdxdt/math v1.0.1/go.mod h1:aDklt350pI+g4/+hASjlmf5atuvXx6BJqW0mnAKGgN4=
github.com/intdxdt/robust v1.0.0 h1:x5pNk5s7wF4I2s60zM57XSatrK7QXagOctFjmahrsUU=
github.com/intdxdt/robust v1.0.0/go.mod h1:uIGXMmYcuFItUjeG37oxt0x7RFXdL4MEfXP4uVstLZ0=
github.com/intdxdt/twiddle v0.0.0-20180605015803-8a5d3aeb2e67/go.mod h1:aos2CXzSXDP82nQmZbxyi3w7TAdnhNZ2kLRm3pI5SjI=
